
Microsoft Visual Studio Solution File, Format Version 12.00
# Visual Studio Version 18
VisualStudioVersion = 18.0.11201.2 d18.0
MinimumVisualStudioVersion = 10.0.40219.1
Project("{FAE04EC0-301F-11D3-BF4B-00C04F79EFBC}") = "FreightCostCalculator.App", "FreightCostCalculator.App\FreightCostCalculator.App.csproj", "{FAA8CD7A-7D16-218A-CFC1-95DD55164F48}"
EndProject
Project("{FAE04EC0-301F-11D3-BF4B-00C04F79EFBC}") = "FreightCostCalculator.Tests", "FreightCostCalculator.Tests\FreightCostCalculator.Tests.csproj", "{A18071A0-0352-6FD0-D49C-6AA7AB24A5FE}"
EndProject
Global
	GlobalSection(SolutionConfigurationPlatforms) = preSolution
		Debug|Any CPU = Debug|Any CPU
		Release|Any CPU = Release|Any CPU
	EndGlobalSection
	GlobalSection(ProjectConfigurationPlatforms) = postSolution
		{FAA8CD7A-7D16-218A-CFC1-95DD55164F48}.Debug|Any CPU.ActiveCfg = Debug|Any CPU
		{FAA8CD7A-7D16-218A-CFC1-95DD55164F48}.Debug|Any CPU.Build.0 = Debug|Any CPU
		{FAA8CD7A-7D16-218A-CFC1-95DD55164F48}.Release|Any CPU.ActiveCfg = Release|Any CPU
		{FAA8CD7A-7D16-218A-CFC1-95DD55164F48}.Release|Any CPU.Build.0 = Release|Any CPU
		{A18071A0-0352-6FD0-D49C-6AA7AB24A5FE}.Debug|Any CPU.ActiveCfg = Debug|Any CPU
		{A18071A0-0352-6FD0-D49C-6AA7AB24A5FE}.Debug|Any CPU.Build.0 = Debug|Any CPU
		{A18071A0-0352-6FD0-D49C-6AA7AB24A5FE}.Release|Any CPU.ActiveCfg = Release|Any CPU
		{A18071A0-0352-6FD0-D49C-6AA7AB24A5FE}.Release|Any CPU.Build.0 = Release|Any CPU
	EndGlobalSection
	GlobalSection(SolutionProperties) = preSolution
		HideSolutionNode = FALSE
	EndGlobalSection
	GlobalSection(ExtensibilityGlobals) = postSolution
		SolutionGuid = {6FF642CE-53BB-4C8D-8D8E-1618845CDE67}
	EndGlobalSection
EndGlobal
