
Microsoft Visual Studio Solution File, Format Version 12.00
# Visual Studio Version 17
VisualStudioVersion = 17.14.36603.0 d17.14
MinimumVisualStudioVersion = 10.0.40219.1
Project("{FAE04EC0-301F-11D3-BF4B-00C04F79EFBC}") = "FreightCostCalculator.App", "FreightCostCalculator.App.csproj", "{A3821C53-B9A3-4423-9FDC-37AA522AA63B}"
EndProject
Project("{FAE04EC0-301F-11D3-BF4B-00C04F79EFBC}") = "FreightCostCalculator.Tests", "..\FreightCostCalculator.Tests\FreightCostCalculator.Tests.csproj", "{7BCFC6F3-AD10-4441-A87F-7162517645BB}"
EndProject
Global
	GlobalSection(SolutionConfigurationPlatforms) = preSolution
		Debug|Any CPU = Debug|Any CPU
		Release|Any CPU = Release|Any CPU
	EndGlobalSection
	GlobalSection(ProjectConfigurationPlatforms) = postSolution
		{A3821C53-B9A3-4423-9FDC-37AA522AA63B}.Debug|Any CPU.ActiveCfg = Debug|Any CPU
		{A3821C53-B9A3-4423-9FDC-37AA522AA63B}.Debug|Any CPU.Build.0 = Debug|Any CPU
		{A3821C53-B9A3-4423-9FDC-37AA522AA63B}.Release|Any CPU.ActiveCfg = Release|Any CPU
		{A3821C53-B9A3-4423-9FDC-37AA522AA63B}.Release|Any CPU.Build.0 = Release|Any CPU
		{7BCFC6F3-AD10-4441-A87F-7162517645BB}.Debug|Any CPU.ActiveCfg = Debug|Any CPU
		{7BCFC6F3-AD10-4441-A87F-7162517645BB}.Debug|Any CPU.Build.0 = Debug|Any CPU
		{7BCFC6F3-AD10-4441-A87F-7162517645BB}.Release|Any CPU.ActiveCfg = Release|Any CPU
		{7BCFC6F3-AD10-4441-A87F-7162517645BB}.Release|Any CPU.Build.0 = Release|Any CPU
	EndGlobalSection
	GlobalSection(SolutionProperties) = preSolution
		HideSolutionNode = FALSE
	EndGlobalSection
	GlobalSection(ExtensibilityGlobals) = postSolution
		SolutionGuid = {6FF642CE-53BB-4C8D-8D8E-1618845CDE67}
	EndGlobalSection
EndGlobal
